
Microsoft Visual Studio Solution File, Format Version 12.00
# Visual Studio Version 16
VisualStudioVersion = 16.0.30711.63
MinimumVisualStudioVersion = 10.0.40219.1
Project("{FAE04EC0-301F-11D3-BF4B-00C04F79EFBC}") = "ProyectoSAT", "ProyectoSAT.csproj", "{C8ECE295-BA20-45A1-9C85-419D122F2BF9}"
EndProject
Global
	GlobalSection(SolutionConfigurationPlatforms) = preSolution
		Debug|Any CPU = Debug|Any CPU
		Release|Any CPU = Release|Any CPU
	EndGlobalSection
	GlobalSection(ProjectConfigurationPlatforms) = postSolution
		{C8ECE295-BA20-45A1-9C85-419D122F2BF9}.Debug|Any CPU.ActiveCfg = Debug|Any CPU
		{C8ECE295-BA20-45A1-9C85-419D122F2BF9}.Debug|Any CPU.Build.0 = Debug|Any CPU
		{C8ECE295-BA20-45A1-9C85-419D122F2BF9}.Release|Any CPU.ActiveCfg = Release|Any CPU
		{C8ECE295-BA20-45A1-9C85-419D122F2BF9}.Release|Any CPU.Build.0 = Release|Any CPU
	EndGlobalSection
	GlobalSection(SolutionProperties) = preSolution
		HideSolutionNode = FALSE
	EndGlobalSection
	GlobalSection(ExtensibilityGlobals) = postSolution
		SolutionGuid = {A1FE162F-C67F-4F18-80EE-BF2045BE7095}
	EndGlobalSection
EndGlobal
